// !$*UTF8*$!
{
	archiveVersion = 1;
	classes = {
	};
	objectVersion = 56;
	objects = {

/* Begin PBXBuildFile section */
		58F378DC297EC2A8002C5A81 /* AppDelegate.swift in Sources */ = {isa = PBXBuildFile; fileRef = 58F378DB297EC2A8002C5A81 /* AppDelegate.swift */; };
		58F378DE297EC2A8002C5A81 /* SceneDelegate.swift in Sources */ = {isa = PBXBuildFile; fileRef = 58F378DD297EC2A8002C5A81 /* SceneDelegate.swift */; };
		58F378E0297EC2A8002C5A81 /* ViewController.swift in Sources */ = {isa = PBXBuildFile; fileRef = 58F378DF297EC2A8002C5A81 /* ViewController.swift */; };
		58F378E3297EC2A8002C5A81 /* Main.storyboard in Resources */ = {isa = PBXBuildFile; fileRef = 58F378E1297EC2A8002C5A81 /* Main.storyboard */; };
		58F378E5297EC2A9002C5A81 /* Assets.xcassets in Resources */ = {isa = PBXBuildFile; fileRef = 58F378E4297EC2A9002C5A81 /* Assets.xcassets */; };
		58F378E8297EC2A9002C5A81 /* LaunchScreen.storyboard in Resources */ = {isa = PBXBuildFile; fileRef = 58F378E6297EC2A9002C5A81 /* LaunchScreen.storyboard */; };
		58F378FA297EDA33002C5A81 /* A.wav in Resources */ = {isa = PBXBuildFile; fileRef = 58F378F3297EDA33002C5A81 /* A.wav */; };
		58F378FB297EDA33002C5A81 /* C.wav in Resources */ = {isa = PBXBuildFile; fileRef = 58F378F4297EDA33002C5A81 /* C.wav */; };
		58F378FC297EDA33002C5A81 /* B.wav in Resources */ = {isa = PBXBuildFile; fileRef = 58F378F5297EDA33002C5A81 /* B.wav */; };
		58F378FD297EDA33002C5A81 /* F.wav in Resources */ = {isa = PBXBuildFile; fileRef = 58F378F6297EDA33002C5A81 /* F.wav */; };
		58F378FE297EDA33002C5A81 /* G.wav in Resources */ = {isa = PBXBuildFile; fileRef = 58F378F7297EDA33002C5A81 /* G.wav */; };
		58F378FF297EDA33002C5A81 /* E.wav in Resources */ = {isa = PBXBuildFile; fileRef = 58F378F8297EDA33002C5A81 /* E.wav */; };
		58F37900297EDA33002C5A81 /* D.wav in Resources */ = {isa = PBXBuildFile; fileRef = 58F378F9297EDA33002C5A81 /* D.wav */; };
/* End PBXBuildFile section */

/* Begin PBXFileReference section */
		58F378D8297EC2A8002C5A81 /* Xylophone.app */ = {isa = PBXFileReference; explicitFileType = wrapper.application; includeInIndex = 0; path = Xylophone.app; sourceTree = BUILT_PRODUCTS_DIR; };
		58F378DB297EC2A8002C5A81 /* AppDelegate.swift */ = {isa = PBXFileReference; lastKnownFileType = sourcecode.swift; path = AppDelegate.swift; sourceTree = "<group>"; };
		58F378DD297EC2A8002C5A81 /* SceneDelegate.swift */ = {isa = PBXFileReference; lastKnownFileType = sourcecode.swift; path = SceneDelegate.swift; sourceTree = "<group>"; };
		58F378DF297EC2A8002C5A81 /* ViewController.swift */ = {isa = PBXFileReference; lastKnownFileType = sourcecode.swift; path = ViewController.swift; sourceTree = "<group>"; };
		58F378E2297EC2A8002C5A81 /* Base */ = {isa = PBXFileReference; lastKnownFileType = file.storyboard; name = Base; path = Base.lproj/Main.storyboard; sourceTree = "<group>"; };
		58F378E4297EC2A9002C5A81 /* Assets.xcassets */ = {isa = PBXFileReference; lastKnownFileType = folder.assetcatalog; path = Assets.xcassets; sourceTree = "<group>"; };
		58F378E7297EC2A9002C5A81 /* Base */ = {isa = PBXFileReference; lastKnownFileType = file.storyboard; name = Base; path = Base.lproj/LaunchScreen.storyboard; sourceTree = "<group>"; };
		58F378E9297EC2A9002C5A81 /* Info.plist */ = {isa = PBXFileReference; lastKnownFileType = text.plist.xml; path = Info.plist; sourceTree = "<group>"; };
		58F378F3297EDA33002C5A81 /* A.wav */ = {isa = PBXFileReference; lastKnownFileType = audio.wav; path = A.wav; sourceTree = "<group>"; };
		58F378F4297EDA33002C5A81 /* C.wav */ = {isa = PBXFileReference; lastKnownFileType = audio.wav; path = C.wav; sourceTree = "<group>"; };
		58F378F5297EDA33002C5A81 /* B.wav */ = {isa = PBXFileReference; lastKnownFileType = audio.wav; path = B.wav; sourceTree = "<group>"; };
		58F378F6297EDA33002C5A81 /* F.wav */ = {isa = PBXFileReference; lastKnownFileType = audio.wav; path = F.wav; sourceTree = "<group>"; };
		58F378F7297EDA33002C5A81 /* G.wav */ = {isa = PBXFileReference; lastKnownFileType = audio.wav; path = G.wav; sourceTree = "<group>"; };
		58F378F8297EDA33002C5A81 /* E.wav */ = {isa = PBXFileReference; lastKnownFileType = audio.wav; path = E.wav; sourceTree = "<group>"; };
		58F378F9297EDA33002C5A81 /* D.wav */ = {isa = PBXFileReference; lastKnownFileType = audio.wav; path = D.wav; sourceTree = "<group>"; };
/* End PBXFileReference section */

/* Begin PBXFrameworksBuildPhase section */
		58F378D5297EC2A8002C5A81 /* Frameworks */ = {
			isa = PBXFrameworksBuildPhase;
			buildActionMask = 2147483647;
			files = (
			);
			runOnlyForDeploymentPostprocessing = 0;
		};
/* End PBXFrameworksBuildPhase section */

/* Begin PBXGroup section */
		58F378CF297EC2A8002C5A81 = {
			isa = PBXGroup;
			children = (
				58F378DA297EC2A8002C5A81 /* Xylophone */,
				58F378D9297EC2A8002C5A81 /* Products */,
			);
			sourceTree = "<group>";
		};
		58F378D9297EC2A8002C5A81 /* Products */ = {
			isa = PBXGroup;
			children = (
				58F378D8297EC2A8002C5A81 /* Xylophone.app */,
			);
			name = Products;
			sourceTree = "<group>";
		};
		58F378DA297EC2A8002C5A81 /* Xylophone */ = {
			isa = PBXGroup;
			children = (
				58F378DB297EC2A8002C5A81 /* AppDelegate.swift */,
				58F378DD297EC2A8002C5A81 /* SceneDelegate.swift */,
				58F378DF297EC2A8002C5A81 /* ViewController.swift */,
				58F378E1297EC2A8002C5A81 /* Main.storyboard */,
				58F378E4297EC2A9002C5A81 /* Assets.xcassets */,
				58F378E6297EC2A9002C5A81 /* LaunchScreen.storyboard */,
				58F378E9297EC2A9002C5A81 /* Info.plist */,
				58F378F2297EDA33002C5A81 /* Sounds */,
			);
			path = Xylophone;
			sourceTree = "<group>";
		};
		58F378F2297EDA33002C5A81 /* Sounds */ = {
			isa = PBXGroup;
			children = (
				58F378F3297EDA33002C5A81 /* A.wav */,
				58F378F4297EDA33002C5A81 /* C.wav */,
				58F378F5297EDA33002C5A81 /* B.wav */,
				58F378F6297EDA33002C5A81 /* F.wav */,
				58F378F7297EDA33002C5A81 /* G.wav */,
				58F378F8297EDA33002C5A81 /* E.wav */,
				58F378F9297EDA33002C5A81 /* D.wav */,
			);
			path = Sounds;
			sourceTree = "<group>";
		};
/* End PBXGroup section */

/* Begin PBXNativeTarget section */
		58F378D7297EC2A8002C5A81 /* Xylophone */ = {
			isa = PBXNativeTarget;
			buildConfigurationList = 58F378EC297EC2A9002C5A81 /* Build configuration list for PBXNativeTarget "Xylophone" */;
			buildPhases = (
				58F378D4297EC2A8002C5A81 /* Sources */,
				58F378D5297EC2A8002C5A81 /* Frameworks */,
				58F378D6297EC2A8002C5A81 /* Resources */,
			);
			buildRules = (
			);
			dependencies = (
			);
			name = Xylophone;
			productName = Xylophone;
			productReference = 58F378D8297EC2A8002C5A81 /* Xylophone.app */;
			productType = "com.apple.product-type.application";
		};
/* End PBXNativeTarget section */

/* Begin PBXProject section */
		58F378D0297EC2A8002C5A81 /* Project object */ = {
			isa = PBXProject;
			attributes = {
				BuildIndependentTargetsInParallel = 1;
				LastSwiftUpdateCheck = 1420;
				LastUpgradeCheck = 1420;
				TargetAttributes = {
					58F378D7297EC2A8002C5A81 = {
						CreatedOnToolsVersion = 14.2;
					};
				};
			};
			buildConfigurationList = 58F378D3297EC2A8002C5A81 /* Build configuration list for PBXProject "Xylophone" */;
			compatibilityVersion = "Xcode 14.0";
			developmentRegion = en;
			hasScannedForEncodings = 0;
			knownRegions = (
				en,
				Base,
			);
			mainGroup = 58F378CF297EC2A8002C5A81;
			productRefGroup = 58F378D9297EC2A8002C5A81 /* Products */;
			projectDirPath = "";
			projectRoot = "";
			targets = (
				58F378D7297EC2A8002C5A81 /* Xylophone */,
			);
		};
/* End PBXProject section */

/* Begin PBXResourcesBuildPhase section */
		58F378D6297EC2A8002C5A81 /* Resources */ = {
			isa = PBXResourcesBuildPhase;
			buildActionMask = 2147483647;
			files = (
				58F378FE297EDA33002C5A81 /* G.wav in Resources */,
				58F378E8297EC2A9002C5A81 /* LaunchScreen.storyboard in Resources */,
				58F378FD297EDA33002C5A81 /* F.wav in Resources */,
				58F378E5297EC2A9002C5A81 /* Assets.xcassets in Resources */,
				58F378FA297EDA33002C5A81 /* A.wav in Resources */,
				58F378FC297EDA33002C5A81 /* B.wav in Resources */,
				58F378FF297EDA33002C5A81 /* E.wav in Resources */,
				58F37900297EDA33002C5A81 /* D.wav in Resources */,
				58F378E3297EC2A8002C5A81 /* Main.storyboard in Resources */,
				58F378FB297EDA33002C5A81 /* C.wav in Resources */,
			);
			runOnlyForDeploymentPostprocessing = 0;
		};
/* End PBXResourcesBuildPhase section */

/* Begin PBXSourcesBuildPhase section */
		58F378D4297EC2A8002C5A81 /* Sources */ = {
			isa = PBXSourcesBuildPhase;
			buildActionMask = 2147483647;
			files = (
				58F378E0297EC2A8002C5A81 /* ViewController.swift in Sources */,
				58F378DC297EC2A8002C5A81 /* AppDelegate.swift in Sources */,
				58F378DE297EC2A8002C5A81 /* SceneDelegate.swift in Sources */,
			);
			runOnlyForDeploymentPostprocessing = 0;
		};
/* End PBXSourcesBuildPhase section */

/* Begin PBXVariantGroup section */
		58F378E1297EC2A8002C5A81 /* Main.storyboard */ = {
			isa = PBXVariantGroup;
			children = (
				58F378E2297EC2A8002C5A81 /* Base */,
			);
			name = Main.storyboard;
			sourceTree = "<group>";
		};
		58F378E6297EC2A9002C5A81 /* LaunchScreen.storyboard */ = {
			isa = PBXVariantGroup;
			children = (
				58F378E7297EC2A9002C5A81 /* Base */,
			);
			name = LaunchScreen.storyboard;
			sourceTree = "<group>";
		};
/* End PBXVariantGroup section */

/* Begin XCBuildConfiguration section */
		58F378EA297EC2A9002C5A81 /* Debug */ = {
			isa = XCBuildConfiguration;
			buildSettings = {
				ALWAYS_SEARCH_USER_PATHS = NO;
				CLANG_ANALYZER_NONNULL = YES;
				CLANG_ANALYZER_NUMBER_OBJECT_CONVERSION = YES_AGGRESSIVE;
				CLANG_CXX_LANGUAGE_STANDARD = "gnu++20";
				CLANG_ENABLE_MODULES = YES;
				CLANG_ENABLE_OBJC_ARC = YES;
				CLANG_ENABLE_OBJC_WEAK = YES;
				CLANG_WARN_BLOCK_CAPTURE_AUTORELEASING = YES;
				CLANG_WARN_BOOL_CONVERSION = YES;
				CLANG_WARN_COMMA = YES;
				CLANG_WARN_CONSTANT_CONVERSION = YES;
				CLANG_WARN_DEPRECATED_OBJC_IMPLEMENTATIONS = YES;
				CLANG_WARN_DIRECT_OBJC_ISA_USAGE = YES_ERROR;
				CLANG_WARN_DOCUMENTATION_COMMENTS = YES;
				CLANG_WARN_EMPTY_BODY = YES;
				CLANG_WARN_ENUM_CONVERSION = YES;
				CLANG_WARN_INFINITE_RECURSION = YES;
				CLANG_WARN_INT_CONVERSION = YES;
				CLANG_WARN_NON_LITERAL_NULL_CONVERSION = YES;
				CLANG_WARN_OBJC_IMPLICIT_RETAIN_SELF = YES;
				CLANG_WARN_OBJC_LITERAL_CONVERSION = YES;
				CLANG_WARN_OBJC_ROOT_CLASS = YES_ERROR;
				CLANG_WARN_QUOTED_INCLUDE_IN_FRAMEWORK_HEADER = YES;
				CLANG_WARN_RANGE_LOOP_ANALYSIS = YES;
				CLANG_WARN_STRICT_PROTOTYPES = YES;
				CLANG_WARN_SUSPICIOUS_MOVE = YES;
				CLANG_WARN_UNGUARDED_AVAILABILITY = YES_AGGRESSIVE;
				CLANG_WARN_UNREACHABLE_CODE = YES;
				CLANG_WARN__DUPLICATE_METHOD_MATCH = YES;
				COPY_PHASE_STRIP = NO;
				DEBUG_INFORMATION_FORMAT = dwarf;
				ENABLE_STRICT_OBJC_MSGSEND = YES;
				ENABLE_TESTABILITY = YES;
				GCC_C_LANGUAGE_STANDARD = gnu11;
				GCC_DYNAMIC_NO_PIC = NO;
				GCC_NO_COMMON_BLOCKS = YES;
				GCC_OPTIMIZATION_LEVEL = 0;
				GCC_PREPROCESSOR_DEFINITIONS = (
					"DEBUG=1",
					"$(inherited)",
				);
				GCC_WARN_64_TO_32_BIT_CONVERSION = YES;
				GCC_WARN_ABOUT_RETURN_TYPE = YES_ERROR;
				GCC_WARN_UNDECLARED_SELECTOR = YES;
				GCC_WARN_UNINITIALIZED_AUTOS = YES_AGGRESSIVE;
				GCC_WARN_UNUSED_FUNCTION = YES;
				GCC_WARN_UNUSED_VARIABLE = YES;
				IPHONEOS_DEPLOYMENT_TARGET = 16.2;
				MTL_ENABLE_DEBUG_INFO = INCLUDE_SOURCE;
				MTL_FAST_MATH = YES;
				ONLY_ACTIVE_ARCH = YES;
				SDKROOT = iphoneos;
				SWIFT_ACTIVE_COMPILATION_CONDITIONS = DEBUG;
				SWIFT_OPTIMIZATION_LEVEL = "-Onone";
			};
			name = Debug;
		};
		58F378EB297EC2A9002C5A81 /* Release */ = {
			isa = XCBuildConfiguration;
			buildSettings = {
				ALWAYS_SEARCH_USER_PATHS = NO;
				CLANG_ANALYZER_NONNULL = YES;
				CLANG_ANALYZER_NUMBER_OBJECT_CONVERSION = YES_AGGRESSIVE;
				CLANG_CXX_LANGUAGE_STANDARD = "gnu++20";
				CLANG_ENABLE_MODULES = YES;
				CLANG_ENABLE_OBJC_ARC = YES;
				CLANG_ENABLE_OBJC_WEAK = YES;
				CLANG_WARN_BLOCK_CAPTURE_AUTORELEASING = YES;
				CLANG_WARN_BOOL_CONVERSION = YES;
				CLANG_WARN_COMMA = YES;
				CLANG_WARN_CONSTANT_CONVERSION = YES;
				CLANG_WARN_DEPRECATED_OBJC_IMPLEMENTATIONS = YES;
				CLANG_WARN_DIRECT_OBJC_ISA_USAGE = YES_ERROR;
				CLANG_WARN_DOCUMENTATION_COMMENTS = YES;
				CLANG_WARN_EMPTY_BODY = YES;
				CLANG_WARN_ENUM_CONVERSION = YES;
				CLANG_WARN_INFINITE_RECURSION = YES;
				CLANG_WARN_INT_CONVERSION = YES;
				CLANG_WARN_NON_LITERAL_NULL_CONVERSION = YES;
				CLANG_WARN_OBJC_IMPLICIT_RETAIN_SELF = YES;
				CLANG_WARN_OBJC_LITERAL_CONVERSION = YES;
				CLANG_WARN_OBJC_ROOT_CLASS = YES_ERROR;
				CLANG_WARN_QUOTED_INCLUDE_IN_FRAMEWORK_HEADER = YES;
				CLANG_WARN_RANGE_LOOP_ANALYSIS = YES;
				CLANG_WARN_STRICT_PROTOTYPES = YES;
				CLANG_WARN_SUSPICIOUS_MOVE = YES;
				CLANG_WARN_UNGUARDED_AVAILABILITY = YES_AGGRESSIVE;
				CLANG_WARN_UNREACHABLE_CODE = YES;
				CLANG_WARN__DUPLICATE_METHOD_MATCH = YES;
				COPY_PHASE_STRIP = NO;
				DEBUG_INFORMATION_FORMAT = "dwarf-with-dsym";
				ENABLE_NS_ASSERTIONS = NO;
				ENABLE_STRICT_OBJC_MSGSEND = YES;
				GCC_C_LANGUAGE_STANDARD = gnu11;
				GCC_NO_COMMON_BLOCKS = YES;
				GCC_WARN_64_TO_32_BIT_CONVERSION = YES;
				GCC_WARN_ABOUT_RETURN_TYPE = YES_ERROR;
				GCC_WARN_UNDECLARED_SELECTOR = YES;
				GCC_WARN_UNINITIALIZED_AUTOS = YES_AGGRESSIVE;
				GCC_WARN_UNUSED_FUNCTION = YES;
				GCC_WARN_UNUSED_VARIABLE = YES;
				IPHONEOS_DEPLOYMENT_TARGET = 16.2;
				MTL_ENABLE_DEBUG_INFO = NO;
				MTL_FAST_MATH = YES;
				SDKROOT = iphoneos;
				SWIFT_COMPILATION_MODE = wholemodule;
				SWIFT_OPTIMIZATION_LEVEL = "-O";
				VALIDATE_PRODUCT = YES;
			};
			name = Release;
		};
		58F378ED297EC2A9002C5A81 /* Debug */ = {
			isa = XCBuildConfiguration;
			buildSettings = {
				ASSETCATALOG_COMPILER_APPICON_NAME = AppIcon;
				ASSETCATALOG_COMPILER_GLOBAL_ACCENT_COLOR_NAME = AccentColor;
				CODE_SIGN_STYLE = Automatic;
				CURRENT_PROJECT_VERSION = 1;
				DEVELOPMENT_TEAM = R4768CVQD8;
				GENERATE_INFOPLIST_FILE = YES;
				INFOPLIST_FILE = Xylophone/Info.plist;
				INFOPLIST_KEY_UIApplicationSupportsIndirectInputEvents = YES;
				INFOPLIST_KEY_UILaunchStoryboardName = LaunchScreen;
				INFOPLIST_KEY_UIMainStoryboardFile = Main;
				INFOPLIST_KEY_UISupportedInterfaceOrientations = UIInterfaceOrientationPortrait;
				INFOPLIST_KEY_UISupportedInterfaceOrientations_iPad = "UIInterfaceOrientationLandscapeLeft UIInterfaceOrientationLandscapeRight UIInterfaceOrientationPortrait UIInterfaceOrientationPortraitUpsideDown";
				IPHONEOS_DEPLOYMENT_TARGET = 15.0;
				LD_RUNPATH_SEARCH_PATHS = (
					"$(inherited)",
					"@executable_path/Frameworks",
				);
				MARKETING_VERSION = 1.0;
				PRODUCT_BUNDLE_IDENTIFIER = "com.johnnie-v.Xylophone";
				PRODUCT_NAME = "$(TARGET_NAME)";
				SWIFT_EMIT_LOC_STRINGS = YES;
				SWIFT_VERSION = 5.0;
				TARGETED_DEVICE_FAMILY = "1,2";
			};
			name = Debug;
		};
		58F378EE297EC2A9002C5A81 /* Release */ = {
			isa = XCBuildConfiguration;
			buildSettings = {
				ASSETCATALOG_COMPILER_APPICON_NAME = AppIcon;
				ASSETCATALOG_COMPILER_GLOBAL_ACCENT_COLOR_NAME = AccentColor;
				CODE_SIGN_STYLE = Automatic;
				CURRENT_PROJECT_VERSION = 1;
				DEVELOPMENT_TEAM = R4768CVQD8;
				GENERATE_INFOPLIST_FILE = YES;
				INFOPLIST_FILE = Xylophone/Info.plist;
				INFOPLIST_KEY_UIApplicationSupportsIndirectInputEvents = YES;
				INFOPLIST_KEY_UILaunchStoryboardName = LaunchScreen;
				INFOPLIST_KEY_UIMainStoryboardFile = Main;
				INFOPLIST_KEY_UISupportedInterfaceOrientations = UIInterfaceOrientationPortrait;
				INFOPLIST_KEY_UISupportedInterfaceOrientations_iPad = "UIInterfaceOrientationLandscapeLeft UIInterfaceOrientationLandscapeRight UIInterfaceOrientationPortrait UIInterfaceOrientationPortraitUpsideDown";
				IPHONEOS_DEPLOYMENT_TARGET = 15.0;
				LD_RUNPATH_SEARCH_PATHS = (
					"$(inherited)",
					"@executable_path/Frameworks",
				);
				MARKETING_VERSION = 1.0;
				PRODUCT_BUNDLE_IDENTIFIER = "com.johnnie-v.Xylophone";
				PRODUCT_NAME = "$(TARGET_NAME)";
				SWIFT_EMIT_LOC_STRINGS = YES;
				SWIFT_VERSION = 5.0;
				TARGETED_DEVICE_FAMILY = "1,2";
			};
			name = Release;
		};
/* End XCBuildConfiguration section */

/* Begin XCConfigurationList section */
		58F378D3297EC2A8002C5A81 /* Build configuration list for PBXProject "Xylophone" */ = {
			isa = XCConfigurationList;
			buildConfigurations = (
				58F378EA297EC2A9002C5A81 /* Debug */,
				58F378EB297EC2A9002C5A81 /* Release */,
			);
			defaultConfigurationIsVisible = 0;
			defaultConfigurationName = Release;
		};
		58F378EC297EC2A9002C5A81 /* Build configuration list for PBXNativeTarget "Xylophone" */ = {
			isa = XCConfigurationList;
			buildConfigurations = (
				58F378ED297EC2A9002C5A81 /* Debug */,
				58F378EE297EC2A9002C5A81 /* Release */,
			);
			defaultConfigurationIsVisible = 0;
			defaultConfigurationName = Release;
		};
/* End XCConfigurationList section */
	};
	rootObject = 58F378D0297EC2A8002C5A81 /* Project object */;
}
